
Microsoft Visual Studio Solution File, Format Version 12.00
# Visual Studio Version 17
VisualStudioVersion = 17.5.002.0
MinimumVisualStudioVersion = 10.0.40219.1
Project("{9A19103F-16F7-4668-BE54-9A1E7A4F7556}") = "CadeRBackendFiveToSeven", "CadeRBackendFiveToSeven.csproj", "{810F7146-343F-4D86-A028-218800ADDF80}"
EndProject
Global
	GlobalSection(SolutionConfigurationPlatforms) = preSolution
		Debug|Any CPU = Debug|Any CPU
		Release|Any CPU = Release|Any CPU
	EndGlobalSection
	GlobalSection(ProjectConfigurationPlatforms) = postSolution
		{810F7146-343F-4D86-A028-218800ADDF80}.Debug|Any CPU.ActiveCfg = Debug|Any CPU
		{810F7146-343F-4D86-A028-218800ADDF80}.Debug|Any CPU.Build.0 = Debug|Any CPU
		{810F7146-343F-4D86-A028-218800ADDF80}.Release|Any CPU.ActiveCfg = Release|Any CPU
		{810F7146-343F-4D86-A028-218800ADDF80}.Release|Any CPU.Build.0 = Release|Any CPU
	EndGlobalSection
	GlobalSection(SolutionProperties) = preSolution
		HideSolutionNode = FALSE
	EndGlobalSection
	GlobalSection(ExtensibilityGlobals) = postSolution
		SolutionGuid = {A8CE05AA-B3BB-4C73-8E5D-19BE99B3A45E}
	EndGlobalSection
EndGlobal
